
Microsoft Visual Studio Solution File, Format Version 12.00
# Visual Studio 15
VisualStudioVersion = 15.0.27703.2018
MinimumVisualStudioVersion = 10.0.40219.1
Project("{FAE04EC0-301F-11D3-BF4B-00C04F79EFBC}") = "DZ4zad1", "DZ4zad1\DZ4zad1.csproj", "{00BAF53B-DA25-4324-8D1D-044DD8A7EF25}"
EndProject
Global
	GlobalSection(SolutionConfigurationPlatforms) = preSolution
		Debug|Any CPU = Debug|Any CPU
		Release|Any CPU = Release|Any CPU
	EndGlobalSection
	GlobalSection(ProjectConfigurationPlatforms) = postSolution
		{00BAF53B-DA25-4324-8D1D-044DD8A7EF25}.Debug|Any CPU.ActiveCfg = Debug|Any CPU
		{00BAF53B-DA25-4324-8D1D-044DD8A7EF25}.Debug|Any CPU.Build.0 = Debug|Any CPU
		{00BAF53B-DA25-4324-8D1D-044DD8A7EF25}.Release|Any CPU.ActiveCfg = Release|Any CPU
		{00BAF53B-DA25-4324-8D1D-044DD8A7EF25}.Release|Any CPU.Build.0 = Release|Any CPU
	EndGlobalSection
	GlobalSection(SolutionProperties) = preSolution
		HideSolutionNode = FALSE
	EndGlobalSection
	GlobalSection(ExtensibilityGlobals) = postSolution
		SolutionGuid = {D647142E-2D65-4F67-8111-D5080A6E29E0}
	EndGlobalSection
EndGlobal
